// !$*UTF8*$!
{
	archiveVersion = 1;
	classes = {
	};
	objectVersion = 50;
	objects = {

/* Begin PBXBuildFile section */
		077E1C1523C541E8005FBAE0 /* ContentView.swift in Sources */ = {isa = PBXBuildFile; fileRef = 07F18667234B983400D8A25B /* ContentView.swift */; };
		077E1C1623C54287005FBAE0 /* SceneDelegate.swift in Sources */ = {isa = PBXBuildFile; fileRef = 07F18665234B983400D8A25B /* SceneDelegate.swift */; };
		07D8BBCD23C5CD250085E59B /* Request.swift in Sources */ = {isa = PBXBuildFile; fileRef = 07D8BBCC23C5CD250085E59B /* Request.swift */; };
		07D8BBCF23C5CD920085E59B /* Result.swift in Sources */ = {isa = PBXBuildFile; fileRef = 07D8BBCE23C5CD920085E59B /* Result.swift */; };
		07D8BBD123C5CDAF0085E59B /* APPError.swift in Sources */ = {isa = PBXBuildFile; fileRef = 07D8BBD023C5CDAF0085E59B /* APPError.swift */; };
		07D8BBD323C5CF190085E59B /* JObj.swift in Sources */ = {isa = PBXBuildFile; fileRef = 07D8BBD223C5CF190085E59B /* JObj.swift */; };
		07D8BBD523C64B380085E59B /* UIViewController.swift in Sources */ = {isa = PBXBuildFile; fileRef = 07D8BBD423C64B380085E59B /* UIViewController.swift */; };
		07D8BBD723C652230085E59B /* Main.storyboard in Resources */ = {isa = PBXBuildFile; fileRef = 07D8BBD623C652230085E59B /* Main.storyboard */; };
		07F18664234B983400D8A25B /* AppDelegate.swift in Sources */ = {isa = PBXBuildFile; fileRef = 07F18663234B983400D8A25B /* AppDelegate.swift */; };
		07F1866A234B983600D8A25B /* Assets.xcassets in Resources */ = {isa = PBXBuildFile; fileRef = 07F18669234B983600D8A25B /* Assets.xcassets */; };
		07F1866D234B983600D8A25B /* Preview Assets.xcassets in Resources */ = {isa = PBXBuildFile; fileRef = 07F1866C234B983600D8A25B /* Preview Assets.xcassets */; };
		07F18670234B983600D8A25B /* LaunchScreen.storyboard in Resources */ = {isa = PBXBuildFile; fileRef = 07F1866E234B983600D8A25B /* LaunchScreen.storyboard */; };
/* End PBXBuildFile section */

/* Begin PBXFileReference section */
		07D8BBCC23C5CD250085E59B /* Request.swift */ = {isa = PBXFileReference; lastKnownFileType = sourcecode.swift; path = Request.swift; sourceTree = "<group>"; };
		07D8BBCE23C5CD920085E59B /* Result.swift */ = {isa = PBXFileReference; lastKnownFileType = sourcecode.swift; path = Result.swift; sourceTree = "<group>"; };
		07D8BBD023C5CDAF0085E59B /* APPError.swift */ = {isa = PBXFileReference; lastKnownFileType = sourcecode.swift; path = APPError.swift; sourceTree = "<group>"; };
		07D8BBD223C5CF190085E59B /* JObj.swift */ = {isa = PBXFileReference; lastKnownFileType = sourcecode.swift; path = JObj.swift; sourceTree = "<group>"; };
		07D8BBD423C64B380085E59B /* UIViewController.swift */ = {isa = PBXFileReference; lastKnownFileType = sourcecode.swift; path = UIViewController.swift; sourceTree = "<group>"; };
		07D8BBD623C652230085E59B /* Main.storyboard */ = {isa = PBXFileReference; lastKnownFileType = file.storyboard; path = Main.storyboard; sourceTree = "<group>"; };
		07F18660234B983400D8A25B /* umgottewillenios.app */ = {isa = PBXFileReference; explicitFileType = wrapper.application; includeInIndex = 0; path = umgottewillenios.app; sourceTree = BUILT_PRODUCTS_DIR; };
		07F18663234B983400D8A25B /* AppDelegate.swift */ = {isa = PBXFileReference; lastKnownFileType = sourcecode.swift; path = AppDelegate.swift; sourceTree = "<group>"; };
		07F18665234B983400D8A25B /* SceneDelegate.swift */ = {isa = PBXFileReference; lastKnownFileType = sourcecode.swift; path = SceneDelegate.swift; sourceTree = "<group>"; };
		07F18667234B983400D8A25B /* ContentView.swift */ = {isa = PBXFileReference; lastKnownFileType = sourcecode.swift; path = ContentView.swift; sourceTree = "<group>"; };
		07F18669234B983600D8A25B /* Assets.xcassets */ = {isa = PBXFileReference; lastKnownFileType = folder.assetcatalog; path = Assets.xcassets; sourceTree = "<group>"; };
		07F1866C234B983600D8A25B /* Preview Assets.xcassets */ = {isa = PBXFileReference; lastKnownFileType = folder.assetcatalog; path = "Preview Assets.xcassets"; sourceTree = "<group>"; };
		07F1866F234B983600D8A25B /* Base */ = {isa = PBXFileReference; lastKnownFileType = file.storyboard; name = Base; path = Base.lproj/LaunchScreen.storyboard; sourceTree = "<group>"; };
		07F18671234B983600D8A25B /* Info.plist */ = {isa = PBXFileReference; lastKnownFileType = text.plist.xml; path = Info.plist; sourceTree = "<group>"; };
/* End PBXFileReference section */

/* Begin PBXFrameworksBuildPhase section */
		07F1865D234B983400D8A25B /* Frameworks */ = {
			isa = PBXFrameworksBuildPhase;
			buildActionMask = 2147483647;
			files = (
			);
			runOnlyForDeploymentPostprocessing = 0;
		};
/* End PBXFrameworksBuildPhase section */

/* Begin PBXGroup section */
		07F18657234B983400D8A25B = {
			isa = PBXGroup;
			children = (
				07F18662234B983400D8A25B /* umgottewillenios */,
				07F18661234B983400D8A25B /* Products */,
			);
			sourceTree = "<group>";
		};
		07F18661234B983400D8A25B /* Products */ = {
			isa = PBXGroup;
			children = (
				07F18660234B983400D8A25B /* umgottewillenios.app */,
			);
			name = Products;
			sourceTree = "<group>";
		};
		07F18662234B983400D8A25B /* umgottewillenios */ = {
			isa = PBXGroup;
			children = (
				07F18663234B983400D8A25B /* AppDelegate.swift */,
				07F18665234B983400D8A25B /* SceneDelegate.swift */,
				07F18667234B983400D8A25B /* ContentView.swift */,
				07F18669234B983600D8A25B /* Assets.xcassets */,
				07F1866E234B983600D8A25B /* LaunchScreen.storyboard */,
				07D8BBD623C652230085E59B /* Main.storyboard */,
				07F18671234B983600D8A25B /* Info.plist */,
				07F1866B234B983600D8A25B /* Preview Content */,
				07D8BBCC23C5CD250085E59B /* Request.swift */,
				07D8BBCE23C5CD920085E59B /* Result.swift */,
				07D8BBD023C5CDAF0085E59B /* APPError.swift */,
				07D8BBD223C5CF190085E59B /* JObj.swift */,
				07D8BBD423C64B380085E59B /* UIViewController.swift */,
			);
			path = umgottewillenios;
			sourceTree = "<group>";
		};
		07F1866B234B983600D8A25B /* Preview Content */ = {
			isa = PBXGroup;
			children = (
				07F1866C234B983600D8A25B /* Preview Assets.xcassets */,
			);
			path = "Preview Content";
			sourceTree = "<group>";
		};
/* End PBXGroup section */

/* Begin PBXNativeTarget section */
		07F1865F234B983400D8A25B /* umgottewillenios */ = {
			isa = PBXNativeTarget;
			buildConfigurationList = 07F18674234B983600D8A25B /* Build configuration list for PBXNativeTarget "umgottewillenios" */;
			buildPhases = (
				07F1865C234B983400D8A25B /* Sources */,
				07F1865D234B983400D8A25B /* Frameworks */,
				07F1865E234B983400D8A25B /* Resources */,
			);
			buildRules = (
			);
			dependencies = (
			);
			name = umgottewillenios;
			productName = umgottewillenios;
			productReference = 07F18660234B983400D8A25B /* umgottewillenios.app */;
			productType = "com.apple.product-type.application";
		};
/* End PBXNativeTarget section */

/* Begin PBXProject section */
		07F18658234B983400D8A25B /* Project object */ = {
			isa = PBXProject;
			attributes = {
				LastSwiftUpdateCheck = 1100;
				LastUpgradeCheck = 1100;
				ORGANIZATIONNAME = "Michael Irimus";
				TargetAttributes = {
					07F1865F234B983400D8A25B = {
						CreatedOnToolsVersion = 11.0;
					};
				};
			};
			buildConfigurationList = 07F1865B234B983400D8A25B /* Build configuration list for PBXProject "umgottewillenios" */;
			compatibilityVersion = "Xcode 9.3";
			developmentRegion = en;
			hasScannedForEncodings = 0;
			knownRegions = (
				en,
				Base,
			);
			mainGroup = 07F18657234B983400D8A25B;
			productRefGroup = 07F18661234B983400D8A25B /* Products */;
			projectDirPath = "";
			projectRoot = "";
			targets = (
				07F1865F234B983400D8A25B /* umgottewillenios */,
			);
		};
/* End PBXProject section */

/* Begin PBXResourcesBuildPhase section */
		07F1865E234B983400D8A25B /* Resources */ = {
			isa = PBXResourcesBuildPhase;
			buildActionMask = 2147483647;
			files = (
				07F18670234B983600D8A25B /* LaunchScreen.storyboard in Resources */,
				07F1866D234B983600D8A25B /* Preview Assets.xcassets in Resources */,
				07F1866A234B983600D8A25B /* Assets.xcassets in Resources */,
				07D8BBD723C652230085E59B /* Main.storyboard in Resources */,
			);
			runOnlyForDeploymentPostprocessing = 0;
		};
/* End PBXResourcesBuildPhase section */

/* Begin PBXSourcesBuildPhase section */
		07F1865C234B983400D8A25B /* Sources */ = {
			isa = PBXSourcesBuildPhase;
			buildActionMask = 2147483647;
			files = (
				07D8BBD123C5CDAF0085E59B /* APPError.swift in Sources */,
				077E1C1623C54287005FBAE0 /* SceneDelegate.swift in Sources */,
				07D8BBCF23C5CD920085E59B /* Result.swift in Sources */,
				07D8BBCD23C5CD250085E59B /* Request.swift in Sources */,
				07D8BBD323C5CF190085E59B /* JObj.swift in Sources */,
				07F18664234B983400D8A25B /* AppDelegate.swift in Sources */,
				07D8BBD523C64B380085E59B /* UIViewController.swift in Sources */,
				077E1C1523C541E8005FBAE0 /* ContentView.swift in Sources */,
			);
			runOnlyForDeploymentPostprocessing = 0;
		};
/* End PBXSourcesBuildPhase section */

/* Begin PBXVariantGroup section */
		07F1866E234B983600D8A25B /* LaunchScreen.storyboard */ = {
			isa = PBXVariantGroup;
			children = (
				07F1866F234B983600D8A25B /* Base */,
			);
			name = LaunchScreen.storyboard;
			sourceTree = "<group>";
		};
/* End PBXVariantGroup section */

/* Begin XCBuildConfiguration section */
		07F18672234B983600D8A25B /* Debug */ = {
			isa = XCBuildConfiguration;
			buildSettings = {
				ALWAYS_SEARCH_USER_PATHS = NO;
				CLANG_ANALYZER_NONNULL = YES;
				CLANG_ANALYZER_NUMBER_OBJECT_CONVERSION = YES_AGGRESSIVE;
				CLANG_CXX_LANGUAGE_STANDARD = "gnu++14";
				CLANG_CXX_LIBRARY = "libc++";
				CLANG_ENABLE_MODULES = YES;
				CLANG_ENABLE_OBJC_ARC = YES;
				CLANG_ENABLE_OBJC_WEAK = YES;
				CLANG_WARN_BLOCK_CAPTURE_AUTORELEASING = YES;
				CLANG_WARN_BOOL_CONVERSION = YES;
				CLANG_WARN_COMMA = YES;
				CLANG_WARN_CONSTANT_CONVERSION = YES;
				CLANG_WARN_DEPRECATED_OBJC_IMPLEMENTATIONS = YES;
				CLANG_WARN_DIRECT_OBJC_ISA_USAGE = YES_ERROR;
				CLANG_WARN_DOCUMENTATION_COMMENTS = YES;
				CLANG_WARN_EMPTY_BODY = YES;
				CLANG_WARN_ENUM_CONVERSION = YES;
				CLANG_WARN_INFINITE_RECURSION = YES;
				CLANG_WARN_INT_CONVERSION = YES;
				CLANG_WARN_NON_LITERAL_NULL_CONVERSION = YES;
				CLANG_WARN_OBJC_IMPLICIT_RETAIN_SELF = YES;
				CLANG_WARN_OBJC_LITERAL_CONVERSION = YES;
				CLANG_WARN_OBJC_ROOT_CLASS = YES_ERROR;
				CLANG_WARN_RANGE_LOOP_ANALYSIS = YES;
				CLANG_WARN_STRICT_PROTOTYPES = YES;
				CLANG_WARN_SUSPICIOUS_MOVE = YES;
				CLANG_WARN_UNGUARDED_AVAILABILITY = YES_AGGRESSIVE;
				CLANG_WARN_UNREACHABLE_CODE = YES;
				CLANG_WARN__DUPLICATE_METHOD_MATCH = YES;
				COPY_PHASE_STRIP = NO;
				DEBUG_INFORMATION_FORMAT = dwarf;
				ENABLE_STRICT_OBJC_MSGSEND = YES;
				ENABLE_TESTABILITY = YES;
				GCC_C_LANGUAGE_STANDARD = gnu11;
				GCC_DYNAMIC_NO_PIC = NO;
				GCC_NO_COMMON_BLOCKS = YES;
				GCC_OPTIMIZATION_LEVEL = 0;
				GCC_PREPROCESSOR_DEFINITIONS = (
					"DEBUG=1",
					"$(inherited)",
				);
				GCC_WARN_64_TO_32_BIT_CONVERSION = YES;
				GCC_WARN_ABOUT_RETURN_TYPE = YES_ERROR;
				GCC_WARN_UNDECLARED_SELECTOR = YES;
				GCC_WARN_UNINITIALIZED_AUTOS = YES_AGGRESSIVE;
				GCC_WARN_UNUSED_FUNCTION = YES;
				GCC_WARN_UNUSED_VARIABLE = YES;
				IPHONEOS_DEPLOYMENT_TARGET = 13.0;
				MTL_ENABLE_DEBUG_INFO = INCLUDE_SOURCE;
				MTL_FAST_MATH = YES;
				ONLY_ACTIVE_ARCH = YES;
				SDKROOT = iphoneos;
				SWIFT_ACTIVE_COMPILATION_CONDITIONS = DEBUG;
				SWIFT_OPTIMIZATION_LEVEL = "-Onone";
			};
			name = Debug;
		};
		07F18673234B983600D8A25B /* Release */ = {
			isa = XCBuildConfiguration;
			buildSettings = {
				ALWAYS_SEARCH_USER_PATHS = NO;
				CLANG_ANALYZER_NONNULL = YES;
				CLANG_ANALYZER_NUMBER_OBJECT_CONVERSION = YES_AGGRESSIVE;
				CLANG_CXX_LANGUAGE_STANDARD = "gnu++14";
				CLANG_CXX_LIBRARY = "libc++";
				CLANG_ENABLE_MODULES = YES;
				CLANG_ENABLE_OBJC_ARC = YES;
				CLANG_ENABLE_OBJC_WEAK = YES;
				CLANG_WARN_BLOCK_CAPTURE_AUTORELEASING = YES;
				CLANG_WARN_BOOL_CONVERSION = YES;
				CLANG_WARN_COMMA = YES;
				CLANG_WARN_CONSTANT_CONVERSION = YES;
				CLANG_WARN_DEPRECATED_OBJC_IMPLEMENTATIONS = YES;
				CLANG_WARN_DIRECT_OBJC_ISA_USAGE = YES_ERROR;
				CLANG_WARN_DOCUMENTATION_COMMENTS = YES;
				CLANG_WARN_EMPTY_BODY = YES;
				CLANG_WARN_ENUM_CONVERSION = YES;
				CLANG_WARN_INFINITE_RECURSION = YES;
				CLANG_WARN_INT_CONVERSION = YES;
				CLANG_WARN_NON_LITERAL_NULL_CONVERSION = YES;
				CLANG_WARN_OBJC_IMPLICIT_RETAIN_SELF = YES;
				CLANG_WARN_OBJC_LITERAL_CONVERSION = YES;
				CLANG_WARN_OBJC_ROOT_CLASS = YES_ERROR;
				CLANG_WARN_RANGE_LOOP_ANALYSIS = YES;
				CLANG_WARN_STRICT_PROTOTYPES = YES;
				CLANG_WARN_SUSPICIOUS_MOVE = YES;
				CLANG_WARN_UNGUARDED_AVAILABILITY = YES_AGGRESSIVE;
				CLANG_WARN_UNREACHABLE_CODE = YES;
				CLANG_WARN__DUPLICATE_METHOD_MATCH = YES;
				COPY_PHASE_STRIP = NO;
				DEBUG_INFORMATION_FORMAT = "dwarf-with-dsym";
				ENABLE_NS_ASSERTIONS = NO;
				ENABLE_STRICT_OBJC_MSGSEND = YES;
				GCC_C_LANGUAGE_STANDARD = gnu11;
				GCC_NO_COMMON_BLOCKS = YES;
				GCC_WARN_64_TO_32_BIT_CONVERSION = YES;
				GCC_WARN_ABOUT_RETURN_TYPE = YES_ERROR;
				GCC_WARN_UNDECLARED_SELECTOR = YES;
				GCC_WARN_UNINITIALIZED_AUTOS = YES_AGGRESSIVE;
				GCC_WARN_UNUSED_FUNCTION = YES;
				GCC_WARN_UNUSED_VARIABLE = YES;
				IPHONEOS_DEPLOYMENT_TARGET = 13.0;
				MTL_ENABLE_DEBUG_INFO = NO;
				MTL_FAST_MATH = YES;
				SDKROOT = iphoneos;
				SWIFT_COMPILATION_MODE = wholemodule;
				SWIFT_OPTIMIZATION_LEVEL = "-O";
				VALIDATE_PRODUCT = YES;
			};
			name = Release;
		};
		07F18675234B983600D8A25B /* Debug */ = {
			isa = XCBuildConfiguration;
			buildSettings = {
				ASSETCATALOG_COMPILER_APPICON_NAME = AppIcon;
				CODE_SIGN_STYLE = Automatic;
				DEVELOPMENT_ASSET_PATHS = "\"umgottewillenios/Preview Content\"";
				DEVELOPMENT_TEAM = HN6RJ3SLK2;
				ENABLE_PREVIEWS = YES;
				INFOPLIST_FILE = umgottewillenios/Info.plist;
				LD_RUNPATH_SEARCH_PATHS = (
					"$(inherited)",
					"@executable_path/Frameworks",
				);
				PRODUCT_BUNDLE_IDENTIFIER = mirimus.umgottewillenios;
				PRODUCT_NAME = "$(TARGET_NAME)";
				SWIFT_VERSION = 5.0;
				TARGETED_DEVICE_FAMILY = 1;
			};
			name = Debug;
		};
		07F18676234B983600D8A25B /* Release */ = {
			isa = XCBuildConfiguration;
			buildSettings = {
				ASSETCATALOG_COMPILER_APPICON_NAME = AppIcon;
				CODE_SIGN_STYLE = Automatic;
				DEVELOPMENT_ASSET_PATHS = "\"umgottewillenios/Preview Content\"";
				DEVELOPMENT_TEAM = HN6RJ3SLK2;
				ENABLE_PREVIEWS = YES;
				INFOPLIST_FILE = umgottewillenios/Info.plist;
				LD_RUNPATH_SEARCH_PATHS = (
					"$(inherited)",
					"@executable_path/Frameworks",
				);
				PRODUCT_BUNDLE_IDENTIFIER = mirimus.umgottewillenios;
				PRODUCT_NAME = "$(TARGET_NAME)";
				SWIFT_VERSION = 5.0;
				TARGETED_DEVICE_FAMILY = 1;
			};
			name = Release;
		};
/* End XCBuildConfiguration section */

/* Begin XCConfigurationList section */
		07F1865B234B983400D8A25B /* Build configuration list for PBXProject "umgottewillenios" */ = {
			isa = XCConfigurationList;
			buildConfigurations = (
				07F18672234B983600D8A25B /* Debug */,
				07F18673234B983600D8A25B /* Release */,
			);
			defaultConfigurationIsVisible = 0;
			defaultConfigurationName = Release;
		};
		07F18674234B983600D8A25B /* Build configuration list for PBXNativeTarget "umgottewillenios" */ = {
			isa = XCConfigurationList;
			buildConfigurations = (
				07F18675234B983600D8A25B /* Debug */,
				07F18676234B983600D8A25B /* Release */,
			);
			defaultConfigurationIsVisible = 0;
			defaultConfigurationName = Release;
		};
/* End XCConfigurationList section */
	};
	rootObject = 07F18658234B983400D8A25B /* Project object */;
}
